
Microsoft Visual Studio Solution File, Format Version 12.00
# Visual Studio 15
VisualStudioVersion = 15.0.28307.1525
MinimumVisualStudioVersion = 10.0.40219.1
Project("{FAE04EC0-301F-11D3-BF4B-00C04F79EFBC}") = "SuperIo", "./SuperIo/SuperIo.csproj", "{4FC99CEE-EC03-49A1-81EC-00C461E59A00}"
EndProject
Global
	GlobalSection(SolutionConfigurationPlatforms) = preSolution
		Debug|Any CPU = Debug|Any CPU
		Release|Any CPU = Release|Any CPU
	EndGlobalSection
	GlobalSection(ProjectConfigurationPlatforms) = postSolution
		{4FC99CEE-EC03-49A1-81EC-00C461E59A00}.Debug|Any CPU.ActiveCfg = Debug|Any CPU
		{4FC99CEE-EC03-49A1-81EC-00C461E59A00}.Debug|Any CPU.Build.0 = Debug|Any CPU
		{4FC99CEE-EC03-49A1-81EC-00C461E59A00}.Release|Any CPU.ActiveCfg = Release|Any CPU
		{4FC99CEE-EC03-49A1-81EC-00C461E59A00}.Release|Any CPU.Build.0 = Release|Any CPU
	EndGlobalSection
	GlobalSection(SolutionProperties) = preSolution
		HideSolutionNode = FALSE
	EndGlobalSection
	GlobalSection(ExtensibilityGlobals) = postSolution
		SolutionGuid = {7067BBD3-54CC-4EEC-9B4B-9520BD4680A6}
	EndGlobalSection
EndGlobal
